{
  "requires": true,
  "lockfileVersion": 1,
  "dependencies": {
    "shitajicss": {
      "version": "5.0.0",
      "resolved": "https://registry.npmjs.org/shitajicss/-/shitajicss-5.0.0.tgz",
      "integrity": "sha512-dEvBPP6ZuFzHXJFVcgiejE8M2+qGgBTi8JzOHZdxTdFXEaz/sC2dkA2dj4UGojW/PUDtmhH7O81+8AUKDtnMlQ=="
    },
    "vue": {
      "version": "2.6.10",
      "resolved": "https://registry.npmjs.org/vue/-/vue-2.6.10.tgz",
      "integrity": "sha512-ImThpeNU9HbdZL3utgMCq0oiMzAkt1mcgy3/E6zWC/G6AaQoeuFdsl9nDhTDU3X1R6FK7nsIUuRACVcjI+A2GQ=="
    }
  }
}
